
Microsoft Visual Studio Solution File, Format Version 12.00
# Visual Studio Version 16
VisualStudioVersion = 16.0.31424.327
MinimumVisualStudioVersion = 10.0.40219.1
Project("{FAE04EC0-301F-11D3-BF4B-00C04F79EFBC}") = "MonyCore.UWP", "MonyCore\MonyCore.UWP\MonyCore.UWP.csproj", "{E8853D8F-49B8-4AF8-ACAA-EA231ECC273A}"
EndProject
Project("{FAE04EC0-301F-11D3-BF4B-00C04F79EFBC}") = "MonyCore.Android", "MonyCore\MonyCore.Android\MonyCore.Android.csproj", "{A11AC59D-DA18-4D30-8627-73FCA02F1A44}"
EndProject
Project("{FAE04EC0-301F-11D3-BF4B-00C04F79EFBC}") = "MonyCore.iOS", "MonyCore\MonyCore.iOS\MonyCore.iOS.csproj", "{F769A48F-24BC-4B44-B2CF-8BF569ACD474}"
EndProject
Project("{FAE04EC0-301F-11D3-BF4B-00C04F79EFBC}") = "MonyCore", "MonyCore\MonyCore\MonyCore.csproj", "{960AF34B-D337-4F83-AC3F-458AEBA54EB9}"
EndProject
Global
	GlobalSection(SolutionConfigurationPlatforms) = preSolution
		Debug|Any CPU = Debug|Any CPU
		Debug|ARM = Debug|ARM
		Debug|iPhone = Debug|iPhone
		Debug|iPhoneSimulator = Debug|iPhoneSimulator
		Debug|x64 = Debug|x64
		Debug|x86 = Debug|x86
		Release|Any CPU = Release|Any CPU
		Release|ARM = Release|ARM
		Release|iPhone = Release|iPhone
		Release|iPhoneSimulator = Release|iPhoneSimulator
		Release|x64 = Release|x64
		Release|x86 = Release|x86
	EndGlobalSection
	GlobalSection(ProjectConfigurationPlatforms) = postSolution
		{E8853D8F-49B8-4AF8-ACAA-EA231ECC273A}.Debug|Any CPU.ActiveCfg = Debug|x86
		{E8853D8F-49B8-4AF8-ACAA-EA231ECC273A}.Debug|Any CPU.Build.0 = Debug|x86
		{E8853D8F-49B8-4AF8-ACAA-EA231ECC273A}.Debug|Any CPU.Deploy.0 = Debug|x86
		{E8853D8F-49B8-4AF8-ACAA-EA231ECC273A}.Debug|ARM.ActiveCfg = Debug|ARM
		{E8853D8F-49B8-4AF8-ACAA-EA231ECC273A}.Debug|ARM.Build.0 = Debug|ARM
		{E8853D8F-49B8-4AF8-ACAA-EA231ECC273A}.Debug|ARM.Deploy.0 = Debug|ARM
		{E8853D8F-49B8-4AF8-ACAA-EA231ECC273A}.Debug|iPhone.ActiveCfg = Debug|x86
		{E8853D8F-49B8-4AF8-ACAA-EA231ECC273A}.Debug|iPhone.Build.0 = Debug|x86
		{E8853D8F-49B8-4AF8-ACAA-EA231ECC273A}.Debug|iPhone.Deploy.0 = Debug|x86
		{E8853D8F-49B8-4AF8-ACAA-EA231ECC273A}.Debug|iPhoneSimulator.ActiveCfg = Debug|x86
		{E8853D8F-49B8-4AF8-ACAA-EA231ECC273A}.Debug|iPhoneSimulator.Build.0 = Debug|x86
		{E8853D8F-49B8-4AF8-ACAA-EA231ECC273A}.Debug|iPhoneSimulator.Deploy.0 = Debug|x86
		{E8853D8F-49B8-4AF8-ACAA-EA231ECC273A}.Debug|x64.ActiveCfg = Debug|x64
		{E8853D8F-49B8-4AF8-ACAA-EA231ECC273A}.Debug|x64.Build.0 = Debug|x64
		{E8853D8F-49B8-4AF8-ACAA-EA231ECC273A}.Debug|x64.Deploy.0 = Debug|x64
		{E8853D8F-49B8-4AF8-ACAA-EA231ECC273A}.Debug|x86.ActiveCfg = Debug|x86
		{E8853D8F-49B8-4AF8-ACAA-EA231ECC273A}.Debug|x86.Build.0 = Debug|x86
		{E8853D8F-49B8-4AF8-ACAA-EA231ECC273A}.Debug|x86.Deploy.0 = Debug|x86
		{E8853D8F-49B8-4AF8-ACAA-EA231ECC273A}.Release|Any CPU.ActiveCfg = Release|x86
		{E8853D8F-49B8-4AF8-ACAA-EA231ECC273A}.Release|Any CPU.Build.0 = Release|x86
		{E8853D8F-49B8-4AF8-ACAA-EA231ECC273A}.Release|Any CPU.Deploy.0 = Release|x86
		{E8853D8F-49B8-4AF8-ACAA-EA231ECC273A}.Release|ARM.ActiveCfg = Release|ARM
		{E8853D8F-49B8-4AF8-ACAA-EA231ECC273A}.Release|ARM.Build.0 = Release|ARM
		{E8853D8F-49B8-4AF8-ACAA-EA231ECC273A}.Release|ARM.Deploy.0 = Release|ARM
		{E8853D8F-49B8-4AF8-ACAA-EA231ECC273A}.Release|iPhone.ActiveCfg = Release|x86
		{E8853D8F-49B8-4AF8-ACAA-EA231ECC273A}.Release|iPhone.Build.0 = Release|x86
		{E8853D8F-49B8-4AF8-ACAA-EA231ECC273A}.Release|iPhone.Deploy.0 = Release|x86
		{E8853D8F-49B8-4AF8-ACAA-EA231ECC273A}.Release|iPhoneSimulator.ActiveCfg = Release|x86
		{E8853D8F-49B8-4AF8-ACAA-EA231ECC273A}.Release|iPhoneSimulator.Build.0 = Release|x86
		{E8853D8F-49B8-4AF8-ACAA-EA231ECC273A}.Release|iPhoneSimulator.Deploy.0 = Release|x86
		{E8853D8F-49B8-4AF8-ACAA-EA231ECC273A}.Release|x64.ActiveCfg = Release|x64
		{E8853D8F-49B8-4AF8-ACAA-EA231ECC273A}.Release|x64.Build.0 = Release|x64
		{E8853D8F-49B8-4AF8-ACAA-EA231ECC273A}.Release|x64.Deploy.0 = Release|x64
		{E8853D8F-49B8-4AF8-ACAA-EA231ECC273A}.Release|x86.ActiveCfg = Release|x86
		{E8853D8F-49B8-4AF8-ACAA-EA231ECC273A}.Release|x86.Build.0 = Release|x86
		{E8853D8F-49B8-4AF8-ACAA-EA231ECC273A}.Release|x86.Deploy.0 = Release|x86
		{A11AC59D-DA18-4D30-8627-73FCA02F1A44}.Debug|Any CPU.ActiveCfg = Debug|Any CPU
		{A11AC59D-DA18-4D30-8627-73FCA02F1A44}.Debug|Any CPU.Build.0 = Debug|Any CPU
		{A11AC59D-DA18-4D30-8627-73FCA02F1A44}.Debug|Any CPU.Deploy.0 = Debug|Any CPU
		{A11AC59D-DA18-4D30-8627-73FCA02F1A44}.Debug|ARM.ActiveCfg = Debug|Any CPU
		{A11AC59D-DA18-4D30-8627-73FCA02F1A44}.Debug|ARM.Build.0 = Debug|Any CPU
		{A11AC59D-DA18-4D30-8627-73FCA02F1A44}.Debug|ARM.Deploy.0 = Debug|Any CPU
		{A11AC59D-DA18-4D30-8627-73FCA02F1A44}.Debug|iPhone.ActiveCfg = Debug|Any CPU
		{A11AC59D-DA18-4D30-8627-73FCA02F1A44}.Debug|iPhone.Build.0 = Debug|Any CPU
		{A11AC59D-DA18-4D30-8627-73FCA02F1A44}.Debug|iPhone.Deploy.0 = Debug|Any CPU
		{A11AC59D-DA18-4D30-8627-73FCA02F1A44}.Debug|iPhoneSimulator.ActiveCfg = Debug|Any CPU
		{A11AC59D-DA18-4D30-8627-73FCA02F1A44}.Debug|iPhoneSimulator.Build.0 = Debug|Any CPU
		{A11AC59D-DA18-4D30-8627-73FCA02F1A44}.Debug|iPhoneSimulator.Deploy.0 = Debug|Any CPU
		{A11AC59D-DA18-4D30-8627-73FCA02F1A44}.Debug|x64.ActiveCfg = Debug|Any CPU
		{A11AC59D-DA18-4D30-8627-73FCA02F1A44}.Debug|x64.Build.0 = Debug|Any CPU
		{A11AC59D-DA18-4D30-8627-73FCA02F1A44}.Debug|x64.Deploy.0 = Debug|Any CPU
		{A11AC59D-DA18-4D30-8627-73FCA02F1A44}.Debug|x86.ActiveCfg = Debug|Any CPU
		{A11AC59D-DA18-4D30-8627-73FCA02F1A44}.Debug|x86.Build.0 = Debug|Any CPU
		{A11AC59D-DA18-4D30-8627-73FCA02F1A44}.Debug|x86.Deploy.0 = Debug|Any CPU
		{A11AC59D-DA18-4D30-8627-73FCA02F1A44}.Release|Any CPU.ActiveCfg = Release|Any CPU
		{A11AC59D-DA18-4D30-8627-73FCA02F1A44}.Release|Any CPU.Build.0 = Release|Any CPU
		{A11AC59D-DA18-4D30-8627-73FCA02F1A44}.Release|Any CPU.Deploy.0 = Release|Any CPU
		{A11AC59D-DA18-4D30-8627-73FCA02F1A44}.Release|ARM.ActiveCfg = Release|Any CPU
		{A11AC59D-DA18-4D30-8627-73FCA02F1A44}.Release|ARM.Build.0 = Release|Any CPU
		{A11AC59D-DA18-4D30-8627-73FCA02F1A44}.Release|ARM.Deploy.0 = Release|Any CPU
		{A11AC59D-DA18-4D30-8627-73FCA02F1A44}.Release|iPhone.ActiveCfg = Release|Any CPU
		{A11AC59D-DA18-4D30-8627-73FCA02F1A44}.Release|iPhone.Build.0 = Release|Any CPU
		{A11AC59D-DA18-4D30-8627-73FCA02F1A44}.Release|iPhone.Deploy.0 = Release|Any CPU
		{A11AC59D-DA18-4D30-8627-73FCA02F1A44}.Release|iPhoneSimulator.ActiveCfg = Release|Any CPU
		{A11AC59D-DA18-4D30-8627-73FCA02F1A44}.Release|iPhoneSimulator.Build.0 = Release|Any CPU
		{A11AC59D-DA18-4D30-8627-73FCA02F1A44}.Release|iPhoneSimulator.Deploy.0 = Release|Any CPU
		{A11AC59D-DA18-4D30-8627-73FCA02F1A44}.Release|x64.ActiveCfg = Release|Any CPU
		{A11AC59D-DA18-4D30-8627-73FCA02F1A44}.Release|x64.Build.0 = Release|Any CPU
		{A11AC59D-DA18-4D30-8627-73FCA02F1A44}.Release|x64.Deploy.0 = Release|Any CPU
		{A11AC59D-DA18-4D30-8627-73FCA02F1A44}.Release|x86.ActiveCfg = Release|Any CPU
		{A11AC59D-DA18-4D30-8627-73FCA02F1A44}.Release|x86.Build.0 = Release|Any CPU
		{A11AC59D-DA18-4D30-8627-73FCA02F1A44}.Release|x86.Deploy.0 = Release|Any CPU
		{F769A48F-24BC-4B44-B2CF-8BF569ACD474}.Debug|Any CPU.ActiveCfg = Debug|iPhoneSimulator
		{F769A48F-24BC-4B44-B2CF-8BF569ACD474}.Debug|Any CPU.Build.0 = Debug|iPhoneSimulator
		{F769A48F-24BC-4B44-B2CF-8BF569ACD474}.Debug|Any CPU.Deploy.0 = Debug|iPhoneSimulator
		{F769A48F-24BC-4B44-B2CF-8BF569ACD474}.Debug|ARM.ActiveCfg = Debug|iPhone
		{F769A48F-24BC-4B44-B2CF-8BF569ACD474}.Debug|ARM.Build.0 = Debug|iPhone
		{F769A48F-24BC-4B44-B2CF-8BF569ACD474}.Debug|ARM.Deploy.0 = Debug|iPhone
		{F769A48F-24BC-4B44-B2CF-8BF569ACD474}.Debug|iPhone.ActiveCfg = Debug|iPhone
		{F769A48F-24BC-4B44-B2CF-8BF569ACD474}.Debug|iPhone.Build.0 = Debug|iPhone
		{F769A48F-24BC-4B44-B2CF-8BF569ACD474}.Debug|iPhone.Deploy.0 = Debug|iPhone
		{F769A48F-24BC-4B44-B2CF-8BF569ACD474}.Debug|iPhoneSimulator.ActiveCfg = Debug|iPhoneSimulator
		{F769A48F-24BC-4B44-B2CF-8BF569ACD474}.Debug|iPhoneSimulator.Build.0 = Debug|iPhoneSimulator
		{F769A48F-24BC-4B44-B2CF-8BF569ACD474}.Debug|iPhoneSimulator.Deploy.0 = Debug|iPhoneSimulator
		{F769A48F-24BC-4B44-B2CF-8BF569ACD474}.Debug|x64.ActiveCfg = Debug|iPhoneSimulator
		{F769A48F-24BC-4B44-B2CF-8BF569ACD474}.Debug|x64.Build.0 = Debug|iPhoneSimulator
		{F769A48F-24BC-4B44-B2CF-8BF569ACD474}.Debug|x64.Deploy.0 = Debug|iPhoneSimulator
		{F769A48F-24BC-4B44-B2CF-8BF569ACD474}.Debug|x86.ActiveCfg = Debug|iPhoneSimulator
		{F769A48F-24BC-4B44-B2CF-8BF569ACD474}.Debug|x86.Build.0 = Debug|iPhoneSimulator
		{F769A48F-24BC-4B44-B2CF-8BF569ACD474}.Debug|x86.Deploy.0 = Debug|iPhoneSimulator
		{F769A48F-24BC-4B44-B2CF-8BF569ACD474}.Release|Any CPU.ActiveCfg = Release|iPhoneSimulator
		{F769A48F-24BC-4B44-B2CF-8BF569ACD474}.Release|Any CPU.Build.0 = Release|iPhoneSimulator
		{F769A48F-24BC-4B44-B2CF-8BF569ACD474}.Release|Any CPU.Deploy.0 = Release|iPhoneSimulator
		{F769A48F-24BC-4B44-B2CF-8BF569ACD474}.Release|ARM.ActiveCfg = Release|iPhoneSimulator
		{F769A48F-24BC-4B44-B2CF-8BF569ACD474}.Release|ARM.Build.0 = Release|iPhoneSimulator
		{F769A48F-24BC-4B44-B2CF-8BF569ACD474}.Release|ARM.Deploy.0 = Release|iPhoneSimulator
		{F769A48F-24BC-4B44-B2CF-8BF569ACD474}.Release|iPhone.ActiveCfg = Release|iPhone
		{F769A48F-24BC-4B44-B2CF-8BF569ACD474}.Release|iPhone.Build.0 = Release|iPhone
		{F769A48F-24BC-4B44-B2CF-8BF569ACD474}.Release|iPhone.Deploy.0 = Release|iPhone
		{F769A48F-24BC-4B44-B2CF-8BF569ACD474}.Release|iPhoneSimulator.ActiveCfg = Release|iPhoneSimulator
		{F769A48F-24BC-4B44-B2CF-8BF569ACD474}.Release|iPhoneSimulator.Build.0 = Release|iPhoneSimulator
		{F769A48F-24BC-4B44-B2CF-8BF569ACD474}.Release|iPhoneSimulator.Deploy.0 = Release|iPhoneSimulator
		{F769A48F-24BC-4B44-B2CF-8BF569ACD474}.Release|x64.ActiveCfg = Release|iPhoneSimulator
		{F769A48F-24BC-4B44-B2CF-8BF569ACD474}.Release|x64.Build.0 = Release|iPhoneSimulator
		{F769A48F-24BC-4B44-B2CF-8BF569ACD474}.Release|x64.Deploy.0 = Release|iPhoneSimulator
		{F769A48F-24BC-4B44-B2CF-8BF569ACD474}.Release|x86.ActiveCfg = Release|iPhoneSimulator
		{F769A48F-24BC-4B44-B2CF-8BF569ACD474}.Release|x86.Build.0 = Release|iPhoneSimulator
		{F769A48F-24BC-4B44-B2CF-8BF569ACD474}.Release|x86.Deploy.0 = Release|iPhoneSimulator
		{960AF34B-D337-4F83-AC3F-458AEBA54EB9}.Debug|Any CPU.ActiveCfg = Debug|Any CPU
		{960AF34B-D337-4F83-AC3F-458AEBA54EB9}.Debug|Any CPU.Build.0 = Debug|Any CPU
		{960AF34B-D337-4F83-AC3F-458AEBA54EB9}.Debug|Any CPU.Deploy.0 = Debug|Any CPU
		{960AF34B-D337-4F83-AC3F-458AEBA54EB9}.Debug|ARM.ActiveCfg = Debug|Any CPU
		{960AF34B-D337-4F83-AC3F-458AEBA54EB9}.Debug|ARM.Build.0 = Debug|Any CPU
		{960AF34B-D337-4F83-AC3F-458AEBA54EB9}.Debug|ARM.Deploy.0 = Debug|Any CPU
		{960AF34B-D337-4F83-AC3F-458AEBA54EB9}.Debug|iPhone.ActiveCfg = Debug|Any CPU
		{960AF34B-D337-4F83-AC3F-458AEBA54EB9}.Debug|iPhone.Build.0 = Debug|Any CPU
		{960AF34B-D337-4F83-AC3F-458AEBA54EB9}.Debug|iPhone.Deploy.0 = Debug|Any CPU
		{960AF34B-D337-4F83-AC3F-458AEBA54EB9}.Debug|iPhoneSimulator.ActiveCfg = Debug|Any CPU
		{960AF34B-D337-4F83-AC3F-458AEBA54EB9}.Debug|iPhoneSimulator.Build.0 = Debug|Any CPU
		{960AF34B-D337-4F83-AC3F-458AEBA54EB9}.Debug|iPhoneSimulator.Deploy.0 = Debug|Any CPU
		{960AF34B-D337-4F83-AC3F-458AEBA54EB9}.Debug|x64.ActiveCfg = Debug|Any CPU
		{960AF34B-D337-4F83-AC3F-458AEBA54EB9}.Debug|x64.Build.0 = Debug|Any CPU
		{960AF34B-D337-4F83-AC3F-458AEBA54EB9}.Debug|x64.Deploy.0 = Debug|Any CPU
		{960AF34B-D337-4F83-AC3F-458AEBA54EB9}.Debug|x86.ActiveCfg = Debug|Any CPU
		{960AF34B-D337-4F83-AC3F-458AEBA54EB9}.Debug|x86.Build.0 = Debug|Any CPU
		{960AF34B-D337-4F83-AC3F-458AEBA54EB9}.Debug|x86.Deploy.0 = Debug|Any CPU
		{960AF34B-D337-4F83-AC3F-458AEBA54EB9}.Release|Any CPU.ActiveCfg = Release|Any CPU
		{960AF34B-D337-4F83-AC3F-458AEBA54EB9}.Release|Any CPU.Build.0 = Release|Any CPU
		{960AF34B-D337-4F83-AC3F-458AEBA54EB9}.Release|Any CPU.Deploy.0 = Release|Any CPU
		{960AF34B-D337-4F83-AC3F-458AEBA54EB9}.Release|ARM.ActiveCfg = Release|Any CPU
		{960AF34B-D337-4F83-AC3F-458AEBA54EB9}.Release|ARM.Build.0 = Release|Any CPU
		{960AF34B-D337-4F83-AC3F-458AEBA54EB9}.Release|ARM.Deploy.0 = Release|Any CPU
		{960AF34B-D337-4F83-AC3F-458AEBA54EB9}.Release|iPhone.ActiveCfg = Release|Any CPU
		{960AF34B-D337-4F83-AC3F-458AEBA54EB9}.Release|iPhone.Build.0 = Release|Any CPU
		{960AF34B-D337-4F83-AC3F-458AEBA54EB9}.Release|iPhone.Deploy.0 = Release|Any CPU
		{960AF34B-D337-4F83-AC3F-458AEBA54EB9}.Release|iPhoneSimulator.ActiveCfg = Release|Any CPU
		{960AF34B-D337-4F83-AC3F-458AEBA54EB9}.Release|iPhoneSimulator.Build.0 = Release|Any CPU
		{960AF34B-D337-4F83-AC3F-458AEBA54EB9}.Release|iPhoneSimulator.Deploy.0 = Release|Any CPU
		{960AF34B-D337-4F83-AC3F-458AEBA54EB9}.Release|x64.ActiveCfg = Release|Any CPU
		{960AF34B-D337-4F83-AC3F-458AEBA54EB9}.Release|x64.Build.0 = Release|Any CPU
		{960AF34B-D337-4F83-AC3F-458AEBA54EB9}.Release|x64.Deploy.0 = Release|Any CPU
		{960AF34B-D337-4F83-AC3F-458AEBA54EB9}.Release|x86.ActiveCfg = Release|Any CPU
		{960AF34B-D337-4F83-AC3F-458AEBA54EB9}.Release|x86.Build.0 = Release|Any CPU
		{960AF34B-D337-4F83-AC3F-458AEBA54EB9}.Release|x86.Deploy.0 = Release|Any CPU
	EndGlobalSection
	GlobalSection(SolutionProperties) = preSolution
		HideSolutionNode = FALSE
	EndGlobalSection
	GlobalSection(ExtensibilityGlobals) = postSolution
		SolutionGuid = {B8EECCBF-9B6E-428D-BF37-3A13BFCE3516}
	EndGlobalSection
EndGlobal
